
Microsoft Visual Studio Solution File, Format Version 12.00
# Visual Studio 15
Project("{FAE04EC0-301F-11D3-BF4B-00C04F79EFBC}") = "ImDiabetic.Android", "ImDiabetic.Android\ImDiabetic.Android.csproj", "{153B8E8E-254B-47A9-A5BA-D1ABC95E6F2E}"
EndProject
Project("{FAE04EC0-301F-11D3-BF4B-00C04F79EFBC}") = "ImDiabetic.iOS", "ImDiabetic.iOS\ImDiabetic.iOS.csproj", "{2E2B2D63-4578-425A-B1E9-29003879F920}"
EndProject
Project("{FAE04EC0-301F-11D3-BF4B-00C04F79EFBC}") = "ImDiabetic", "ImDiabetic\ImDiabetic.csproj", "{57FEC1B8-2ADF-4176-9306-59E85C69860E}"
EndProject
Project("{2150E333-8FDC-42A3-9474-1A3956D46DE8}") = "Solution Items", "Solution Items", "{A7078C07-2531-42B1-8CA3-C8F42CC2DF9C}"
EndProject
Global
	GlobalSection(SolutionConfigurationPlatforms) = preSolution
		Debug|Any CPU = Debug|Any CPU
		Release|Any CPU = Release|Any CPU
		Debug|iPhoneSimulator = Debug|iPhoneSimulator
		Release|iPhoneSimulator = Release|iPhoneSimulator
		Debug|iPhone = Debug|iPhone
		Release|iPhone = Release|iPhone
		Ad-Hoc|iPhone = Ad-Hoc|iPhone
		AppStore|iPhone = AppStore|iPhone
	EndGlobalSection
	GlobalSection(ProjectConfigurationPlatforms) = postSolution
		{153B8E8E-254B-47A9-A5BA-D1ABC95E6F2E}.Debug|Any CPU.ActiveCfg = Debug|Any CPU
		{153B8E8E-254B-47A9-A5BA-D1ABC95E6F2E}.Debug|Any CPU.Build.0 = Debug|Any CPU
		{153B8E8E-254B-47A9-A5BA-D1ABC95E6F2E}.Release|Any CPU.ActiveCfg = Release|Any CPU
		{153B8E8E-254B-47A9-A5BA-D1ABC95E6F2E}.Release|Any CPU.Build.0 = Release|Any CPU
		{153B8E8E-254B-47A9-A5BA-D1ABC95E6F2E}.Debug|iPhoneSimulator.ActiveCfg = Debug|Any CPU
		{153B8E8E-254B-47A9-A5BA-D1ABC95E6F2E}.Debug|iPhoneSimulator.Build.0 = Debug|Any CPU
		{153B8E8E-254B-47A9-A5BA-D1ABC95E6F2E}.Release|iPhoneSimulator.ActiveCfg = Release|Any CPU
		{153B8E8E-254B-47A9-A5BA-D1ABC95E6F2E}.Release|iPhoneSimulator.Build.0 = Release|Any CPU
		{153B8E8E-254B-47A9-A5BA-D1ABC95E6F2E}.Debug|iPhone.ActiveCfg = Debug|Any CPU
		{153B8E8E-254B-47A9-A5BA-D1ABC95E6F2E}.Debug|iPhone.Build.0 = Debug|Any CPU
		{153B8E8E-254B-47A9-A5BA-D1ABC95E6F2E}.Release|iPhone.ActiveCfg = Release|Any CPU
		{153B8E8E-254B-47A9-A5BA-D1ABC95E6F2E}.Release|iPhone.Build.0 = Release|Any CPU
		{153B8E8E-254B-47A9-A5BA-D1ABC95E6F2E}.Ad-Hoc|iPhone.ActiveCfg = Debug|Any CPU
		{153B8E8E-254B-47A9-A5BA-D1ABC95E6F2E}.Ad-Hoc|iPhone.Build.0 = Debug|Any CPU
		{153B8E8E-254B-47A9-A5BA-D1ABC95E6F2E}.AppStore|iPhone.ActiveCfg = Debug|Any CPU
		{153B8E8E-254B-47A9-A5BA-D1ABC95E6F2E}.AppStore|iPhone.Build.0 = Debug|Any CPU
		{2E2B2D63-4578-425A-B1E9-29003879F920}.Debug|Any CPU.ActiveCfg = Debug|iPhoneSimulator
		{2E2B2D63-4578-425A-B1E9-29003879F920}.Debug|Any CPU.Build.0 = Debug|iPhoneSimulator
		{2E2B2D63-4578-425A-B1E9-29003879F920}.Release|Any CPU.ActiveCfg = Release|iPhoneSimulator
		{2E2B2D63-4578-425A-B1E9-29003879F920}.Release|Any CPU.Build.0 = Release|iPhoneSimulator
		{2E2B2D63-4578-425A-B1E9-29003879F920}.Debug|iPhoneSimulator.ActiveCfg = Debug|iPhoneSimulator
		{2E2B2D63-4578-425A-B1E9-29003879F920}.Debug|iPhoneSimulator.Build.0 = Debug|iPhoneSimulator
		{2E2B2D63-4578-425A-B1E9-29003879F920}.Release|iPhoneSimulator.ActiveCfg = Release|iPhoneSimulator
		{2E2B2D63-4578-425A-B1E9-29003879F920}.Release|iPhoneSimulator.Build.0 = Release|iPhoneSimulator
		{2E2B2D63-4578-425A-B1E9-29003879F920}.Debug|iPhone.ActiveCfg = Debug|iPhone
		{2E2B2D63-4578-425A-B1E9-29003879F920}.Debug|iPhone.Build.0 = Debug|iPhone
		{2E2B2D63-4578-425A-B1E9-29003879F920}.Release|iPhone.ActiveCfg = Release|iPhone
		{2E2B2D63-4578-425A-B1E9-29003879F920}.Release|iPhone.Build.0 = Release|iPhone
		{2E2B2D63-4578-425A-B1E9-29003879F920}.Ad-Hoc|iPhone.ActiveCfg = Ad-Hoc|iPhone
		{2E2B2D63-4578-425A-B1E9-29003879F920}.Ad-Hoc|iPhone.Build.0 = Ad-Hoc|iPhone
		{2E2B2D63-4578-425A-B1E9-29003879F920}.AppStore|iPhone.ActiveCfg = AppStore|iPhone
		{2E2B2D63-4578-425A-B1E9-29003879F920}.AppStore|iPhone.Build.0 = AppStore|iPhone
		{57FEC1B8-2ADF-4176-9306-59E85C69860E}.Debug|Any CPU.ActiveCfg = Debug|Any CPU
		{57FEC1B8-2ADF-4176-9306-59E85C69860E}.Debug|Any CPU.Build.0 = Debug|Any CPU
		{57FEC1B8-2ADF-4176-9306-59E85C69860E}.Release|Any CPU.ActiveCfg = Release|Any CPU
		{57FEC1B8-2ADF-4176-9306-59E85C69860E}.Release|Any CPU.Build.0 = Release|Any CPU
		{57FEC1B8-2ADF-4176-9306-59E85C69860E}.Debug|iPhoneSimulator.ActiveCfg = Debug|Any CPU
		{57FEC1B8-2ADF-4176-9306-59E85C69860E}.Debug|iPhoneSimulator.Build.0 = Debug|Any CPU
		{57FEC1B8-2ADF-4176-9306-59E85C69860E}.Release|iPhoneSimulator.ActiveCfg = Release|Any CPU
		{57FEC1B8-2ADF-4176-9306-59E85C69860E}.Release|iPhoneSimulator.Build.0 = Release|Any CPU
		{57FEC1B8-2ADF-4176-9306-59E85C69860E}.Debug|iPhone.ActiveCfg = Debug|Any CPU
		{57FEC1B8-2ADF-4176-9306-59E85C69860E}.Debug|iPhone.Build.0 = Debug|Any CPU
		{57FEC1B8-2ADF-4176-9306-59E85C69860E}.Release|iPhone.ActiveCfg = Release|Any CPU
		{57FEC1B8-2ADF-4176-9306-59E85C69860E}.Release|iPhone.Build.0 = Release|Any CPU
		{57FEC1B8-2ADF-4176-9306-59E85C69860E}.Ad-Hoc|iPhone.ActiveCfg = Debug|Any CPU
		{57FEC1B8-2ADF-4176-9306-59E85C69860E}.Ad-Hoc|iPhone.Build.0 = Debug|Any CPU
		{57FEC1B8-2ADF-4176-9306-59E85C69860E}.AppStore|iPhone.ActiveCfg = Debug|Any CPU
		{57FEC1B8-2ADF-4176-9306-59E85C69860E}.AppStore|iPhone.Build.0 = Debug|Any CPU
	EndGlobalSection
	GlobalSection(MonoDevelopProperties) = preSolution
		Policies = $0
		$0.DotNetNamingPolicy = $1
		$1.DirectoryNamespaceAssociation = PrefixedHierarchical
		$0.StandardHeader = $2
	EndGlobalSection
EndGlobal
